
Microsoft Visual Studio Solution File, Format Version 12.00
# Visual Studio Version 17
VisualStudioVersion = 17.6.33829.357
MinimumVisualStudioVersion = 10.0.40219.1
Project("{FAE04EC0-301F-11D3-BF4B-00C04F79EFBC}") = "BookStore.User", "BookStore.User\BookStore.User.csproj", "{DC7251BA-CF23-46EB-82B0-79C8BD5FF825}"
EndProject
Global
	GlobalSection(SolutionConfigurationPlatforms) = preSolution
		Debug|Any CPU = Debug|Any CPU
		Release|Any CPU = Release|Any CPU
	EndGlobalSection
	GlobalSection(ProjectConfigurationPlatforms) = postSolution
		{DC7251BA-CF23-46EB-82B0-79C8BD5FF825}.Debug|Any CPU.ActiveCfg = Debug|Any CPU
		{DC7251BA-CF23-46EB-82B0-79C8BD5FF825}.Debug|Any CPU.Build.0 = Debug|Any CPU
		{DC7251BA-CF23-46EB-82B0-79C8BD5FF825}.Release|Any CPU.ActiveCfg = Release|Any CPU
		{DC7251BA-CF23-46EB-82B0-79C8BD5FF825}.Release|Any CPU.Build.0 = Release|Any CPU
	EndGlobalSection
	GlobalSection(SolutionProperties) = preSolution
		HideSolutionNode = FALSE
	EndGlobalSection
	GlobalSection(ExtensibilityGlobals) = postSolution
		SolutionGuid = {328C053C-4B27-4A92-8CD5-750681CA6ADE}
	EndGlobalSection
EndGlobal
