
Microsoft Visual Studio Solution File, Format Version 12.00
# Visual Studio Version 17
VisualStudioVersion = 17.6.33829.357
MinimumVisualStudioVersion = 10.0.40219.1
Project("{FAE04EC0-301F-11D3-BF4B-00C04F79EFBC}") = "BookStore.Cart", "BookStore.Cart\BookStore.Cart.csproj", "{695336D7-63B7-4F43-937D-21D9FDE83DC0}"
EndProject
Global
	GlobalSection(SolutionConfigurationPlatforms) = preSolution
		Debug|Any CPU = Debug|Any CPU
		Release|Any CPU = Release|Any CPU
	EndGlobalSection
	GlobalSection(ProjectConfigurationPlatforms) = postSolution
		{695336D7-63B7-4F43-937D-21D9FDE83DC0}.Debug|Any CPU.ActiveCfg = Debug|Any CPU
		{695336D7-63B7-4F43-937D-21D9FDE83DC0}.Debug|Any CPU.Build.0 = Debug|Any CPU
		{695336D7-63B7-4F43-937D-21D9FDE83DC0}.Release|Any CPU.ActiveCfg = Release|Any CPU
		{695336D7-63B7-4F43-937D-21D9FDE83DC0}.Release|Any CPU.Build.0 = Release|Any CPU
	EndGlobalSection
	GlobalSection(SolutionProperties) = preSolution
		HideSolutionNode = FALSE
	EndGlobalSection
	GlobalSection(ExtensibilityGlobals) = postSolution
		SolutionGuid = {E566B8E2-EE75-4FBA-BCCE-B6C1AC68E930}
	EndGlobalSection
EndGlobal
